
Microsoft Visual Studio Solution File, Format Version 10.00
# Visual Studio 2008
Project("{FAE04EC0-301F-11D3-BF4B-00C04F79EFBC}") = "网页开发模板", "网页开发模板\网页开发模板.csproj", "{FF47DD8D-DB38-42EC-A971-E909CDDF5B42}"
EndProject
Global
	GlobalSection(SolutionConfigurationPlatforms) = preSolution
		Debug|Any CPU = Debug|Any CPU
		Release|Any CPU = Release|Any CPU
	EndGlobalSection
	GlobalSection(ProjectConfigurationPlatforms) = postSolution
		{FF47DD8D-DB38-42EC-A971-E909CDDF5B42}.Debug|Any CPU.ActiveCfg = Debug|Any CPU
		{FF47DD8D-DB38-42EC-A971-E909CDDF5B42}.Debug|Any CPU.Build.0 = Debug|Any CPU
		{FF47DD8D-DB38-42EC-A971-E909CDDF5B42}.Release|Any CPU.ActiveCfg = Release|Any CPU
		{FF47DD8D-DB38-42EC-A971-E909CDDF5B42}.Release|Any CPU.Build.0 = Release|Any CPU
	EndGlobalSection
	GlobalSection(SolutionProperties) = preSolution
		HideSolutionNode = FALSE
	EndGlobalSection
EndGlobal
